
Microsoft Visual Studio Solution File, Format Version 12.00
# Visual Studio Version 16
VisualStudioVersion = 16.0.32630.194
MinimumVisualStudioVersion = 10.0.40219.1
Project("{FAE04EC0-301F-11D3-BF4B-00C04F79EFBC}") = "DataAccessLayer", "DataAccessLayer\DataAccessLayer.csproj", "{27FD19F7-FA73-49CB-91FC-25CDDCE0A8C4}"
EndProject
Project("{FAE04EC0-301F-11D3-BF4B-00C04F79EFBC}") = "Book.API", "Book.API\Book.API.csproj", "{C95F80EF-3439-49DE-9866-15C17D79F509}"
EndProject
Global
	GlobalSection(SolutionConfigurationPlatforms) = preSolution
		Debug|Any CPU = Debug|Any CPU
		Release|Any CPU = Release|Any CPU
	EndGlobalSection
	GlobalSection(ProjectConfigurationPlatforms) = postSolution
		{27FD19F7-FA73-49CB-91FC-25CDDCE0A8C4}.Debug|Any CPU.ActiveCfg = Debug|Any CPU
		{27FD19F7-FA73-49CB-91FC-25CDDCE0A8C4}.Debug|Any CPU.Build.0 = Debug|Any CPU
		{27FD19F7-FA73-49CB-91FC-25CDDCE0A8C4}.Release|Any CPU.ActiveCfg = Release|Any CPU
		{27FD19F7-FA73-49CB-91FC-25CDDCE0A8C4}.Release|Any CPU.Build.0 = Release|Any CPU
		{C95F80EF-3439-49DE-9866-15C17D79F509}.Debug|Any CPU.ActiveCfg = Debug|Any CPU
		{C95F80EF-3439-49DE-9866-15C17D79F509}.Debug|Any CPU.Build.0 = Debug|Any CPU
		{C95F80EF-3439-49DE-9866-15C17D79F509}.Release|Any CPU.ActiveCfg = Release|Any CPU
		{C95F80EF-3439-49DE-9866-15C17D79F509}.Release|Any CPU.Build.0 = Release|Any CPU
	EndGlobalSection
	GlobalSection(SolutionProperties) = preSolution
		HideSolutionNode = FALSE
	EndGlobalSection
	GlobalSection(ExtensibilityGlobals) = postSolution
		SolutionGuid = {2CA348BC-FE06-46F4-9E20-0A3BA4A3BA85}
	EndGlobalSection
EndGlobal
